
Microsoft Visual Studio Solution File, Format Version 15.00
# Visual Studio 2017
Project("{FAE04EC0-301F-11D3-BF4B-00C04F79EFBC}") = "CsvToXml", "CsvToXml.csproj", "{9AB3DC11-18DB-49FC-AE6C-2CB34B5BEE49}"
EndProject
Global
	GlobalSection(SolutionConfigurationPlatforms) = preSolution
		Debug|Any CPU = Debug|Any CPU
		Release|Any CPU = Release|Any CPU
	EndGlobalSection
	GlobalSection(ProjectConfigurationPlatforms) = postSolution
		{9AB3DC11-18DB-49FC-AE6C-2CB34B5BEE49}.Debug|Any CPU.ActiveCfg = Debug|Any CPU
		{9AB3DC11-18DB-49FC-AE6C-2CB34B5BEE49}.Debug|Any CPU.Build.0 = Debug|Any CPU
		{9AB3DC11-18DB-49FC-AE6C-2CB34B5BEE49}.Release|Any CPU.ActiveCfg = Release|Any CPU
		{9AB3DC11-18DB-49FC-AE6C-2CB34B5BEE49}.Release|Any CPU.Build.0 = Release|Any CPU
	EndGlobalSection
EndGlobal
